// !$*UTF8*$!
{
	archiveVersion = 1;
	classes = {
	};
	objectVersion = 46;
	objects = {

/* Begin PBXBuildFile section */
		425EA4BB1D24EE1F0075C3E6 /* main.m in Sources */ = {isa = PBXBuildFile; fileRef = 425EA4BA1D24EE1F0075C3E6 /* main.m */; };
		425EA4BE1D24EE1F0075C3E6 /* AppDelegate.m in Sources */ = {isa = PBXBuildFile; fileRef = 425EA4BD1D24EE1F0075C3E6 /* AppDelegate.m */; };
		425EA4C11D24EE1F0075C3E6 /* ViewController.m in Sources */ = {isa = PBXBuildFile; fileRef = 425EA4C01D24EE1F0075C3E6 /* ViewController.m */; };
		425EA4C41D24EE1F0075C3E6 /* Main.storyboard in Resources */ = {isa = PBXBuildFile; fileRef = 425EA4C21D24EE1F0075C3E6 /* Main.storyboard */; };
		425EA4C61D24EE1F0075C3E6 /* Assets.xcassets in Resources */ = {isa = PBXBuildFile; fileRef = 425EA4C51D24EE1F0075C3E6 /* Assets.xcassets */; };
		425EA4C91D24EE1F0075C3E6 /* LaunchScreen.storyboard in Resources */ = {isa = PBXBuildFile; fileRef = 425EA4C71D24EE1F0075C3E6 /* LaunchScreen.storyboard */; };
/* End PBXBuildFile section */

/* Begin PBXFileReference section */
		425EA4B61D24EE1F0075C3E6 /* UIViewAnimationDemo.app */ = {isa = PBXFileReference; explicitFileType = wrapper.application; includeInIndex = 0; path = UIViewAnimationDemo.app; sourceTree = BUILT_PRODUCTS_DIR; };
		425EA4BA1D24EE1F0075C3E6 /* main.m */ = {isa = PBXFileReference; lastKnownFileType = sourcecode.c.objc; path = main.m; sourceTree = "<group>"; };
		425EA4BC1D24EE1F0075C3E6 /* AppDelegate.h */ = {isa = PBXFileReference; lastKnownFileType = sourcecode.c.h; path = AppDelegate.h; sourceTree = "<group>"; };
		425EA4BD1D24EE1F0075C3E6 /* AppDelegate.m */ = {isa = PBXFileReference; lastKnownFileType = sourcecode.c.objc; path = AppDelegate.m; sourceTree = "<group>"; };
		425EA4BF1D24EE1F0075C3E6 /* ViewController.h */ = {isa = PBXFileReference; lastKnownFileType = sourcecode.c.h; path = ViewController.h; sourceTree = "<group>"; };
		425EA4C01D24EE1F0075C3E6 /* ViewController.m */ = {isa = PBXFileReference; lastKnownFileType = sourcecode.c.objc; path = ViewController.m; sourceTree = "<group>"; };
		425EA4C31D24EE1F0075C3E6 /* Base */ = {isa = PBXFileReference; lastKnownFileType = file.storyboard; name = Base; path = Base.lproj/Main.storyboard; sourceTree = "<group>"; };
		425EA4C51D24EE1F0075C3E6 /* Assets.xcassets */ = {isa = PBXFileReference; lastKnownFileType = folder.assetcatalog; path = Assets.xcassets; sourceTree = "<group>"; };
		425EA4C81D24EE1F0075C3E6 /* Base */ = {isa = PBXFileReference; lastKnownFileType = file.storyboard; name = Base; path = Base.lproj/LaunchScreen.storyboard; sourceTree = "<group>"; };
		425EA4CA1D24EE1F0075C3E6 /* Info.plist */ = {isa = PBXFileReference; lastKnownFileType = text.plist.xml; path = Info.plist; sourceTree = "<group>"; };
/* End PBXFileReference section */

/* Begin PBXFrameworksBuildPhase section */
		425EA4B31D24EE1F0075C3E6 /* Frameworks */ = {
			isa = PBXFrameworksBuildPhase;
			buildActionMask = 2147483647;
			files = (
			);
			runOnlyForDeploymentPostprocessing = 0;
		};
/* End PBXFrameworksBuildPhase section */

/* Begin PBXGroup section */
		425EA4AD1D24EE1F0075C3E6 = {
			isa = PBXGroup;
			children = (
				425EA4B81D24EE1F0075C3E6 /* UIViewAnimationDemo */,
				425EA4B71D24EE1F0075C3E6 /* Products */,
			);
			sourceTree = "<group>";
		};
		425EA4B71D24EE1F0075C3E6 /* Products */ = {
			isa = PBXGroup;
			children = (
				425EA4B61D24EE1F0075C3E6 /* UIViewAnimationDemo.app */,
			);
			name = Products;
			sourceTree = "<group>";
		};
		425EA4B81D24EE1F0075C3E6 /* UIViewAnimationDemo */ = {
			isa = PBXGroup;
			children = (
				425EA4BC1D24EE1F0075C3E6 /* AppDelegate.h */,
				425EA4BD1D24EE1F0075C3E6 /* AppDelegate.m */,
				425EA4BF1D24EE1F0075C3E6 /* ViewController.h */,
				425EA4C01D24EE1F0075C3E6 /* ViewController.m */,
				425EA4C21D24EE1F0075C3E6 /* Main.storyboard */,
				425EA4C51D24EE1F0075C3E6 /* Assets.xcassets */,
				425EA4C71D24EE1F0075C3E6 /* LaunchScreen.storyboard */,
				425EA4CA1D24EE1F0075C3E6 /* Info.plist */,
				425EA4B91D24EE1F0075C3E6 /* Supporting Files */,
			);
			path = UIViewAnimationDemo;
			sourceTree = "<group>";
		};
		425EA4B91D24EE1F0075C3E6 /* Supporting Files */ = {
			isa = PBXGroup;
			children = (
				425EA4BA1D24EE1F0075C3E6 /* main.m */,
			);
			name = "Supporting Files";
			sourceTree = "<group>";
		};
/* End PBXGroup section */

/* Begin PBXNativeTarget section */
		425EA4B51D24EE1F0075C3E6 /* UIViewAnimationDemo */ = {
			isa = PBXNativeTarget;
			buildConfigurationList = 425EA4CD1D24EE1F0075C3E6 /* Build configuration list for PBXNativeTarget "UIViewAnimationDemo" */;
			buildPhases = (
				425EA4B21D24EE1F0075C3E6 /* Sources */,
				425EA4B31D24EE1F0075C3E6 /* Frameworks */,
				425EA4B41D24EE1F0075C3E6 /* Resources */,
			);
			buildRules = (
			);
			dependencies = (
			);
			name = UIViewAnimationDemo;
			productName = UIViewAnimationDemo;
			productReference = 425EA4B61D24EE1F0075C3E6 /* UIViewAnimationDemo.app */;
			productType = "com.apple.product-type.application";
		};
/* End PBXNativeTarget section */

/* Begin PBXProject section */
		425EA4AE1D24EE1F0075C3E6 /* Project object */ = {
			isa = PBXProject;
			attributes = {
				LastUpgradeCheck = 0730;
				ORGANIZATIONNAME = Kingson;
				TargetAttributes = {
					425EA4B51D24EE1F0075C3E6 = {
						CreatedOnToolsVersion = 7.3.1;
						DevelopmentTeam = 2XWMV2ME6U;
					};
				};
			};
			buildConfigurationList = 425EA4B11D24EE1F0075C3E6 /* Build configuration list for PBXProject "UIViewAnimationDemo" */;
			compatibilityVersion = "Xcode 3.2";
			developmentRegion = English;
			hasScannedForEncodings = 0;
			knownRegions = (
				en,
				Base,
			);
			mainGroup = 425EA4AD1D24EE1F0075C3E6;
			productRefGroup = 425EA4B71D24EE1F0075C3E6 /* Products */;
			projectDirPath = "";
			projectRoot = "";
			targets = (
				425EA4B51D24EE1F0075C3E6 /* UIViewAnimationDemo */,
			);
		};
/* End PBXProject section */

/* Begin PBXResourcesBuildPhase section */
		425EA4B41D24EE1F0075C3E6 /* Resources */ = {
			isa = PBXResourcesBuildPhase;
			buildActionMask = 2147483647;
			files = (
				425EA4C91D24EE1F0075C3E6 /* LaunchScreen.storyboard in Resources */,
				425EA4C61D24EE1F0075C3E6 /* Assets.xcassets in Resources */,
				425EA4C41D24EE1F0075C3E6 /* Main.storyboard in Resources */,
			);
			runOnlyForDeploymentPostprocessing = 0;
		};
/* End PBXResourcesBuildPhase section */

/* Begin PBXSourcesBuildPhase section */
		425EA4B21D24EE1F0075C3E6 /* Sources */ = {
			isa = PBXSourcesBuildPhase;
			buildActionMask = 2147483647;
			files = (
				425EA4C11D24EE1F0075C3E6 /* ViewController.m in Sources */,
				425EA4BE1D24EE1F0075C3E6 /* AppDelegate.m in Sources */,
				425EA4BB1D24EE1F0075C3E6 /* main.m in Sources */,
			);
			runOnlyForDeploymentPostprocessing = 0;
		};
/* End PBXSourcesBuildPhase section */

/* Begin PBXVariantGroup section */
		425EA4C21D24EE1F0075C3E6 /* Main.storyboard */ = {
			isa = PBXVariantGroup;
			children = (
				425EA4C31D24EE1F0075C3E6 /* Base */,
			);
			name = Main.storyboard;
			sourceTree = "<group>";
		};
		425EA4C71D24EE1F0075C3E6 /* LaunchScreen.storyboard */ = {
			isa = PBXVariantGroup;
			children = (
				425EA4C81D24EE1F0075C3E6 /* Base */,
			);
			name = LaunchScreen.storyboard;
			sourceTree = "<group>";
		};
/* End PBXVariantGroup section */

/* Begin XCBuildConfiguration section */
		425EA4CB1D24EE1F0075C3E6 /* Debug */ = {
			isa = XCBuildConfiguration;
			buildSettings = {
				ALWAYS_SEARCH_USER_PATHS = NO;
				CLANG_ANALYZER_NONNULL = YES;
				CLANG_CXX_LANGUAGE_STANDARD = "gnu++0x";
				CLANG_CXX_LIBRARY = "libc++";
				CLANG_ENABLE_MODULES = YES;
				CLANG_ENABLE_OBJC_ARC = YES;
				CLANG_WARN_BOOL_CONVERSION = YES;
				CLANG_WARN_CONSTANT_CONVERSION = YES;
				CLANG_WARN_DIRECT_OBJC_ISA_USAGE = YES_ERROR;
				CLANG_WARN_EMPTY_BODY = YES;
				CLANG_WARN_ENUM_CONVERSION = YES;
				CLANG_WARN_INT_CONVERSION = YES;
				CLANG_WARN_OBJC_ROOT_CLASS = YES_ERROR;
				CLANG_WARN_UNREACHABLE_CODE = YES;
				CLANG_WARN__DUPLICATE_METHOD_MATCH = YES;
				"CODE_SIGN_IDENTITY[sdk=iphoneos*]" = "iPhone Developer";
				COPY_PHASE_STRIP = NO;
				DEBUG_INFORMATION_FORMAT = dwarf;
				ENABLE_STRICT_OBJC_MSGSEND = YES;
				ENABLE_TESTABILITY = YES;
				GCC_C_LANGUAGE_STANDARD = gnu99;
				GCC_DYNAMIC_NO_PIC = NO;
				GCC_NO_COMMON_BLOCKS = YES;
				GCC_OPTIMIZATION_LEVEL = 0;
				GCC_PREPROCESSOR_DEFINITIONS = (
					"DEBUG=1",
					"$(inherited)",
				);
				GCC_WARN_64_TO_32_BIT_CONVERSION = YES;
				GCC_WARN_ABOUT_RETURN_TYPE = YES_ERROR;
				GCC_WARN_UNDECLARED_SELECTOR = YES;
				GCC_WARN_UNINITIALIZED_AUTOS = YES_AGGRESSIVE;
				GCC_WARN_UNUSED_FUNCTION = YES;
				GCC_WARN_UNUSED_VARIABLE = YES;
				IPHONEOS_DEPLOYMENT_TARGET = 9.3;
				MTL_ENABLE_DEBUG_INFO = YES;
				ONLY_ACTIVE_ARCH = YES;
				SDKROOT = iphoneos;
			};
			name = Debug;
		};
		425EA4CC1D24EE1F0075C3E6 /* Release */ = {
			isa = XCBuildConfiguration;
			buildSettings = {
				ALWAYS_SEARCH_USER_PATHS = NO;
				CLANG_ANALYZER_NONNULL = YES;
				CLANG_CXX_LANGUAGE_STANDARD = "gnu++0x";
				CLANG_CXX_LIBRARY = "libc++";
				CLANG_ENABLE_MODULES = YES;
				CLANG_ENABLE_OBJC_ARC = YES;
				CLANG_WARN_BOOL_CONVERSION = YES;
				CLANG_WARN_CONSTANT_CONVERSION = YES;
				CLANG_WARN_DIRECT_OBJC_ISA_USAGE = YES_ERROR;
				CLANG_WARN_EMPTY_BODY = YES;
				CLANG_WARN_ENUM_CONVERSION = YES;
				CLANG_WARN_INT_CONVERSION = YES;
				CLANG_WARN_OBJC_ROOT_CLASS = YES_ERROR;
				CLANG_WARN_UNREACHABLE_CODE = YES;
				CLANG_WARN__DUPLICATE_METHOD_MATCH = YES;
				"CODE_SIGN_IDENTITY[sdk=iphoneos*]" = "iPhone Developer";
				COPY_PHASE_STRIP = NO;
				DEBUG_INFORMATION_FORMAT = "dwarf-with-dsym";
				ENABLE_NS_ASSERTIONS = NO;
				ENABLE_STRICT_OBJC_MSGSEND = YES;
				GCC_C_LANGUAGE_STANDARD = gnu99;
				GCC_NO_COMMON_BLOCKS = YES;
				GCC_WARN_64_TO_32_BIT_CONVERSION = YES;
				GCC_WARN_ABOUT_RETURN_TYPE = YES_ERROR;
				GCC_WARN_UNDECLARED_SELECTOR = YES;
				GCC_WARN_UNINITIALIZED_AUTOS = YES_AGGRESSIVE;
				GCC_WARN_UNUSED_FUNCTION = YES;
				GCC_WARN_UNUSED_VARIABLE = YES;
				IPHONEOS_DEPLOYMENT_TARGET = 9.3;
				MTL_ENABLE_DEBUG_INFO = NO;
				SDKROOT = iphoneos;
				VALIDATE_PRODUCT = YES;
			};
			name = Release;
		};
		425EA4CE1D24EE1F0075C3E6 /* Debug */ = {
			isa = XCBuildConfiguration;
			buildSettings = {
				ASSETCATALOG_COMPILER_APPICON_NAME = AppIcon;
				INFOPLIST_FILE = UIViewAnimationDemo/Info.plist;
				LD_RUNPATH_SEARCH_PATHS = "$(inherited) @executable_path/Frameworks";
				PRODUCT_BUNDLE_IDENTIFIER = org.kingson.UIViewAnimationDemo;
				PRODUCT_NAME = "$(TARGET_NAME)";
			};
			name = Debug;
		};
		425EA4CF1D24EE1F0075C3E6 /* Release */ = {
			isa = XCBuildConfiguration;
			buildSettings = {
				ASSETCATALOG_COMPILER_APPICON_NAME = AppIcon;
				INFOPLIST_FILE = UIViewAnimationDemo/Info.plist;
				LD_RUNPATH_SEARCH_PATHS = "$(inherited) @executable_path/Frameworks";
				PRODUCT_BUNDLE_IDENTIFIER = org.kingson.UIViewAnimationDemo;
				PRODUCT_NAME = "$(TARGET_NAME)";
			};
			name = Release;
		};
/* End XCBuildConfiguration section */

/* Begin XCConfigurationList section */
		425EA4B11D24EE1F0075C3E6 /* Build configuration list for PBXProject "UIViewAnimationDemo" */ = {
			isa = XCConfigurationList;
			buildConfigurations = (
				425EA4CB1D24EE1F0075C3E6 /* Debug */,
				425EA4CC1D24EE1F0075C3E6 /* Release */,
			);
			defaultConfigurationIsVisible = 0;
			defaultConfigurationName = Release;
		};
		425EA4CD1D24EE1F0075C3E6 /* Build configuration list for PBXNativeTarget "UIViewAnimationDemo" */ = {
			isa = XCConfigurationList;
			buildConfigurations = (
				425EA4CE1D24EE1F0075C3E6 /* Debug */,
				425EA4CF1D24EE1F0075C3E6 /* Release */,
			);
			defaultConfigurationIsVisible = 0;
		};
/* End XCConfigurationList section */
	};
	rootObject = 425EA4AE1D24EE1F0075C3E6 /* Project object */;
}
